
Microsoft Visual Studio Solution File, Format Version 12.00
# Visual Studio 15
VisualStudioVersion = 15.0.26430.16
MinimumVisualStudioVersion = 10.0.40219.1
Project("{9A19103F-16F7-4668-BE54-9A1E7A4F7556}") = "Chinabot", "Chinabot\Chinabot.csproj", "{A71AD10C-60C1-4DF7-95D9-661A7F8796F6}"
EndProject
Project("{FAE04EC0-301F-11D3-BF4B-00C04F79EFBC}") = "Chinabot.NET", "Chinabot.NET\Chinabot.NET.csproj", "{AD3E592C-925C-423F-A2B1-AC159A0FE584}"
EndProject
Project("{FAE04EC0-301F-11D3-BF4B-00C04F79EFBC}") = "ChinaBotService", "ChinaBotService\ChinaBotService.csproj", "{87F53586-51E1-4658-885D-C8C94F0670A0}"
EndProject
Project("{FAE04EC0-301F-11D3-BF4B-00C04F79EFBC}") = "ChinaBotService.Tests", "ChinaBotService.Tests\ChinaBotService.Tests.csproj", "{67EFB6E5-CEA6-4CA0-AB56-90DEA06196EE}"
EndProject
Global
	GlobalSection(SolutionConfigurationPlatforms) = preSolution
		Debug|Any CPU = Debug|Any CPU
		Debug|x64 = Debug|x64
		Debug|x86 = Debug|x86
		Release|Any CPU = Release|Any CPU
		Release|x64 = Release|x64
		Release|x86 = Release|x86
	EndGlobalSection
	GlobalSection(ProjectConfigurationPlatforms) = postSolution
		{A71AD10C-60C1-4DF7-95D9-661A7F8796F6}.Debug|Any CPU.ActiveCfg = Debug|Any CPU
		{A71AD10C-60C1-4DF7-95D9-661A7F8796F6}.Debug|Any CPU.Build.0 = Debug|Any CPU
		{A71AD10C-60C1-4DF7-95D9-661A7F8796F6}.Debug|x64.ActiveCfg = Debug|Any CPU
		{A71AD10C-60C1-4DF7-95D9-661A7F8796F6}.Debug|x64.Build.0 = Debug|Any CPU
		{A71AD10C-60C1-4DF7-95D9-661A7F8796F6}.Debug|x86.ActiveCfg = Debug|Any CPU
		{A71AD10C-60C1-4DF7-95D9-661A7F8796F6}.Debug|x86.Build.0 = Debug|Any CPU
		{A71AD10C-60C1-4DF7-95D9-661A7F8796F6}.Release|Any CPU.ActiveCfg = Release|Any CPU
		{A71AD10C-60C1-4DF7-95D9-661A7F8796F6}.Release|Any CPU.Build.0 = Release|Any CPU
		{A71AD10C-60C1-4DF7-95D9-661A7F8796F6}.Release|x64.ActiveCfg = Release|Any CPU
		{A71AD10C-60C1-4DF7-95D9-661A7F8796F6}.Release|x64.Build.0 = Release|Any CPU
		{A71AD10C-60C1-4DF7-95D9-661A7F8796F6}.Release|x86.ActiveCfg = Release|Any CPU
		{A71AD10C-60C1-4DF7-95D9-661A7F8796F6}.Release|x86.Build.0 = Release|Any CPU
		{AD3E592C-925C-423F-A2B1-AC159A0FE584}.Debug|Any CPU.ActiveCfg = Debug|Any CPU
		{AD3E592C-925C-423F-A2B1-AC159A0FE584}.Debug|Any CPU.Build.0 = Debug|Any CPU
		{AD3E592C-925C-423F-A2B1-AC159A0FE584}.Debug|x64.ActiveCfg = Debug|Any CPU
		{AD3E592C-925C-423F-A2B1-AC159A0FE584}.Debug|x64.Build.0 = Debug|Any CPU
		{AD3E592C-925C-423F-A2B1-AC159A0FE584}.Debug|x86.ActiveCfg = Debug|Any CPU
		{AD3E592C-925C-423F-A2B1-AC159A0FE584}.Debug|x86.Build.0 = Debug|Any CPU
		{AD3E592C-925C-423F-A2B1-AC159A0FE584}.Release|Any CPU.ActiveCfg = Release|Any CPU
		{AD3E592C-925C-423F-A2B1-AC159A0FE584}.Release|Any CPU.Build.0 = Release|Any CPU
		{AD3E592C-925C-423F-A2B1-AC159A0FE584}.Release|x64.ActiveCfg = Release|Any CPU
		{AD3E592C-925C-423F-A2B1-AC159A0FE584}.Release|x64.Build.0 = Release|Any CPU
		{AD3E592C-925C-423F-A2B1-AC159A0FE584}.Release|x86.ActiveCfg = Release|Any CPU
		{AD3E592C-925C-423F-A2B1-AC159A0FE584}.Release|x86.Build.0 = Release|Any CPU
		{87F53586-51E1-4658-885D-C8C94F0670A0}.Debug|Any CPU.ActiveCfg = Debug|Any CPU
		{87F53586-51E1-4658-885D-C8C94F0670A0}.Debug|Any CPU.Build.0 = Debug|Any CPU
		{87F53586-51E1-4658-885D-C8C94F0670A0}.Debug|x64.ActiveCfg = Debug|Any CPU
		{87F53586-51E1-4658-885D-C8C94F0670A0}.Debug|x64.Build.0 = Debug|Any CPU
		{87F53586-51E1-4658-885D-C8C94F0670A0}.Debug|x86.ActiveCfg = Debug|Any CPU
		{87F53586-51E1-4658-885D-C8C94F0670A0}.Debug|x86.Build.0 = Debug|Any CPU
		{87F53586-51E1-4658-885D-C8C94F0670A0}.Release|Any CPU.ActiveCfg = Release|Any CPU
		{87F53586-51E1-4658-885D-C8C94F0670A0}.Release|Any CPU.Build.0 = Release|Any CPU
		{87F53586-51E1-4658-885D-C8C94F0670A0}.Release|x64.ActiveCfg = Release|Any CPU
		{87F53586-51E1-4658-885D-C8C94F0670A0}.Release|x64.Build.0 = Release|Any CPU
		{87F53586-51E1-4658-885D-C8C94F0670A0}.Release|x86.ActiveCfg = Release|Any CPU
		{87F53586-51E1-4658-885D-C8C94F0670A0}.Release|x86.Build.0 = Release|Any CPU
		{67EFB6E5-CEA6-4CA0-AB56-90DEA06196EE}.Debug|Any CPU.ActiveCfg = Debug|Any CPU
		{67EFB6E5-CEA6-4CA0-AB56-90DEA06196EE}.Debug|Any CPU.Build.0 = Debug|Any CPU
		{67EFB6E5-CEA6-4CA0-AB56-90DEA06196EE}.Debug|x64.ActiveCfg = Debug|Any CPU
		{67EFB6E5-CEA6-4CA0-AB56-90DEA06196EE}.Debug|x64.Build.0 = Debug|Any CPU
		{67EFB6E5-CEA6-4CA0-AB56-90DEA06196EE}.Debug|x86.ActiveCfg = Debug|Any CPU
		{67EFB6E5-CEA6-4CA0-AB56-90DEA06196EE}.Debug|x86.Build.0 = Debug|Any CPU
		{67EFB6E5-CEA6-4CA0-AB56-90DEA06196EE}.Release|Any CPU.ActiveCfg = Release|Any CPU
		{67EFB6E5-CEA6-4CA0-AB56-90DEA06196EE}.Release|Any CPU.Build.0 = Release|Any CPU
		{67EFB6E5-CEA6-4CA0-AB56-90DEA06196EE}.Release|x64.ActiveCfg = Release|Any CPU
		{67EFB6E5-CEA6-4CA0-AB56-90DEA06196EE}.Release|x64.Build.0 = Release|Any CPU
		{67EFB6E5-CEA6-4CA0-AB56-90DEA06196EE}.Release|x86.ActiveCfg = Release|Any CPU
		{67EFB6E5-CEA6-4CA0-AB56-90DEA06196EE}.Release|x86.Build.0 = Release|Any CPU
	EndGlobalSection
	GlobalSection(SolutionProperties) = preSolution
		HideSolutionNode = FALSE
	EndGlobalSection
	GlobalSection(ExtensibilityGlobals) = postSolution
		SolutionGuid = {669F411C-C0E2-4C4D-8209-EBD4C57B36D4}
	EndGlobalSection
EndGlobal
